
Microsoft Visual Studio Solution File, Format Version 12.00
# Visual Studio Version 17
VisualStudioVersion = 17.0.31903.59
MinimumVisualStudioVersion = 10.0.40219.1
Project("{FAE04EC0-301F-11D3-BF4B-00C04F79EFBC}") = "DailyDoseOfAi", "DailyDoseOfAi\DailyDoseOfAi.csproj", "{5E577D69-09AD-422F-979A-BF735C69EA42}"
EndProject
Project("{FAE04EC0-301F-11D3-BF4B-00C04F79EFBC}") = "DailyDoseOfAi.Web", "DailyDoseOfAi.Web\DailyDoseOfAi.Web.csproj", "{18E9068B-6670-4877-B845-3908CFA71CDE}"
EndProject
Project("{FAE04EC0-301F-11D3-BF4B-00C04F79EFBC}") = "DailyDoseOfAi.Tests", "DailyDoseOfAi.Tests\DailyDoseOfAi.Tests.csproj", "{6A5119ED-EC1C-450A-A850-76C957DC7549}"
EndProject
Project("{FAE04EC0-301F-11D3-BF4B-00C04F79EFBC}") = "DailyDoseOfAi.Core", "DailyDoseOfAi.Core\DailyDoseOfAi.Core.csproj", "{C643DF05-8E12-4F01-9FAF-54D163FDEC7E}"
EndProject
Global
	GlobalSection(SolutionConfigurationPlatforms) = preSolution
		Debug|Any CPU = Debug|Any CPU
		Debug|x64 = Debug|x64
		Debug|x86 = Debug|x86
		Release|Any CPU = Release|Any CPU
		Release|x64 = Release|x64
		Release|x86 = Release|x86
	EndGlobalSection
	GlobalSection(ProjectConfigurationPlatforms) = postSolution
		{5E577D69-09AD-422F-979A-BF735C69EA42}.Debug|Any CPU.ActiveCfg = Debug|Any CPU
		{5E577D69-09AD-422F-979A-BF735C69EA42}.Debug|Any CPU.Build.0 = Debug|Any CPU
		{5E577D69-09AD-422F-979A-BF735C69EA42}.Debug|x64.ActiveCfg = Debug|Any CPU
		{5E577D69-09AD-422F-979A-BF735C69EA42}.Debug|x64.Build.0 = Debug|Any CPU
		{5E577D69-09AD-422F-979A-BF735C69EA42}.Debug|x86.ActiveCfg = Debug|Any CPU
		{5E577D69-09AD-422F-979A-BF735C69EA42}.Debug|x86.Build.0 = Debug|Any CPU
		{5E577D69-09AD-422F-979A-BF735C69EA42}.Release|Any CPU.ActiveCfg = Release|Any CPU
		{5E577D69-09AD-422F-979A-BF735C69EA42}.Release|Any CPU.Build.0 = Release|Any CPU
		{5E577D69-09AD-422F-979A-BF735C69EA42}.Release|x64.ActiveCfg = Release|Any CPU
		{5E577D69-09AD-422F-979A-BF735C69EA42}.Release|x64.Build.0 = Release|Any CPU
		{5E577D69-09AD-422F-979A-BF735C69EA42}.Release|x86.ActiveCfg = Release|Any CPU
		{5E577D69-09AD-422F-979A-BF735C69EA42}.Release|x86.Build.0 = Release|Any CPU
		{18E9068B-6670-4877-B845-3908CFA71CDE}.Debug|Any CPU.ActiveCfg = Debug|Any CPU
		{18E9068B-6670-4877-B845-3908CFA71CDE}.Debug|Any CPU.Build.0 = Debug|Any CPU
		{18E9068B-6670-4877-B845-3908CFA71CDE}.Debug|x64.ActiveCfg = Debug|Any CPU
		{18E9068B-6670-4877-B845-3908CFA71CDE}.Debug|x64.Build.0 = Debug|Any CPU
		{18E9068B-6670-4877-B845-3908CFA71CDE}.Debug|x86.ActiveCfg = Debug|Any CPU
		{18E9068B-6670-4877-B845-3908CFA71CDE}.Debug|x86.Build.0 = Debug|Any CPU
		{18E9068B-6670-4877-B845-3908CFA71CDE}.Release|Any CPU.ActiveCfg = Release|Any CPU
		{18E9068B-6670-4877-B845-3908CFA71CDE}.Release|Any CPU.Build.0 = Release|Any CPU
		{18E9068B-6670-4877-B845-3908CFA71CDE}.Release|x64.ActiveCfg = Release|Any CPU
		{18E9068B-6670-4877-B845-3908CFA71CDE}.Release|x64.Build.0 = Release|Any CPU
		{18E9068B-6670-4877-B845-3908CFA71CDE}.Release|x86.ActiveCfg = Release|Any CPU
		{18E9068B-6670-4877-B845-3908CFA71CDE}.Release|x86.Build.0 = Release|Any CPU
		{6A5119ED-EC1C-450A-A850-76C957DC7549}.Debug|Any CPU.ActiveCfg = Debug|Any CPU
		{6A5119ED-EC1C-450A-A850-76C957DC7549}.Debug|Any CPU.Build.0 = Debug|Any CPU
		{6A5119ED-EC1C-450A-A850-76C957DC7549}.Debug|x64.ActiveCfg = Debug|Any CPU
		{6A5119ED-EC1C-450A-A850-76C957DC7549}.Debug|x64.Build.0 = Debug|Any CPU
		{6A5119ED-EC1C-450A-A850-76C957DC7549}.Debug|x86.ActiveCfg = Debug|Any CPU
		{6A5119ED-EC1C-450A-A850-76C957DC7549}.Debug|x86.Build.0 = Debug|Any CPU
		{6A5119ED-EC1C-450A-A850-76C957DC7549}.Release|Any CPU.ActiveCfg = Release|Any CPU
		{6A5119ED-EC1C-450A-A850-76C957DC7549}.Release|Any CPU.Build.0 = Release|Any CPU
		{6A5119ED-EC1C-450A-A850-76C957DC7549}.Release|x64.ActiveCfg = Release|Any CPU
		{6A5119ED-EC1C-450A-A850-76C957DC7549}.Release|x64.Build.0 = Release|Any CPU
		{6A5119ED-EC1C-450A-A850-76C957DC7549}.Release|x86.ActiveCfg = Release|Any CPU
		{6A5119ED-EC1C-450A-A850-76C957DC7549}.Release|x86.Build.0 = Release|Any CPU
		{C643DF05-8E12-4F01-9FAF-54D163FDEC7E}.Debug|Any CPU.ActiveCfg = Debug|Any CPU
		{C643DF05-8E12-4F01-9FAF-54D163FDEC7E}.Debug|Any CPU.Build.0 = Debug|Any CPU
		{C643DF05-8E12-4F01-9FAF-54D163FDEC7E}.Debug|x64.ActiveCfg = Debug|Any CPU
		{C643DF05-8E12-4F01-9FAF-54D163FDEC7E}.Debug|x64.Build.0 = Debug|Any CPU
		{C643DF05-8E12-4F01-9FAF-54D163FDEC7E}.Debug|x86.ActiveCfg = Debug|Any CPU
		{C643DF05-8E12-4F01-9FAF-54D163FDEC7E}.Debug|x86.Build.0 = Debug|Any CPU
		{C643DF05-8E12-4F01-9FAF-54D163FDEC7E}.Release|Any CPU.ActiveCfg = Release|Any CPU
		{C643DF05-8E12-4F01-9FAF-54D163FDEC7E}.Release|Any CPU.Build.0 = Release|Any CPU
		{C643DF05-8E12-4F01-9FAF-54D163FDEC7E}.Release|x64.ActiveCfg = Release|Any CPU
		{C643DF05-8E12-4F01-9FAF-54D163FDEC7E}.Release|x64.Build.0 = Release|Any CPU
		{C643DF05-8E12-4F01-9FAF-54D163FDEC7E}.Release|x86.ActiveCfg = Release|Any CPU
		{C643DF05-8E12-4F01-9FAF-54D163FDEC7E}.Release|x86.Build.0 = Release|Any CPU
	EndGlobalSection
	GlobalSection(SolutionProperties) = preSolution
		HideSolutionNode = FALSE
	EndGlobalSection
EndGlobal
